{"1.2.0",
[{<<"epgsql">>,{pkg,<<"epgsql">>,<<"4.7.0">>},0},
 {<<"hut">>,{pkg,<<"hut">>,<<"1.3.0">>},0},
 {<<"supervisor3">>,{pkg,<<"supervisor3">>,<<"1.1.9">>},0}]}.
[
{pkg_hash,[
 {<<"epgsql">>, <<"98361A63E49AE14DF57CBDA8495058D42ABD3A316F822D1F990A40259026FE5E">>},
 {<<"hut">>, <<"71F2F054E657C03F959CF1ACC43F436EA87580696528CA2A55C8AFB1B06C85E7">>},
 {<<"supervisor3">>, <<"F1A3CC12FB6197526F548E79C9FE2B4AF0C74EFB8A687917B3B1EBE5E9C9368D">>}]},
{pkg_hash_ext,[
 {<<"epgsql">>, <<"90B0145D302AB133D957EA46A884E6E37E847E6E47DEAF93104314D2AD8CB5BB">>},
 {<<"hut">>, <<"7E15D28555D8A1F2B5A3A931EC120AF0753E4853A4C66053DB354F35BF9AB563">>},
 {<<"supervisor3">>, <<"71B177C08F8CAB9EC8ECB81C1AA28A23BBC24AAC4B468C2DB69840229D78D5C4">>}]}
].
